<?xml version="1.0" encoding="utf-8"?>
<Project ToolsVersion="4.0" xmlns="http://schemas.microsoft.com/developer/msbuild/2003">
  <ItemGroup>
    <ClCompile Include="src\ofApp.cpp">
      <Filter>src</Filter>
    </ClCompile>
    <ClCompile Include="src\main.cpp">
      <Filter>src</Filter>
    </ClCompile>
    <ClCompile Include="..\src\ofxWarping\Warp.cpp">
      <Filter>addons\ofxWarping\src\ofxWarping</Filter>
    </ClCompile>
    <ClCompile Include="..\src\ofxWarping\WarpPerspective.cpp">
      <Filter>addons\ofxWarping\src\ofxWarping</Filter>
    </ClCompile>
    <ClCompile Include="..\src\ofxWarping\WarpBilinear.cpp">
      <Filter>addons\ofxWarping\src\ofxWarping</Filter>
    </ClCompile>
  </ItemGroup>
  <ItemGroup>
    <Filter Include="src">
      <UniqueIdentifier>{d8376475-7454-4a24-b08a-aac121d3ad6f}</UniqueIdentifier>
    </Filter>
    <Filter Include="addons">
      <UniqueIdentifier>{069f5eeb-250d-441f-ba6b-d63ccf99dc12}</UniqueIdentifier>
    </Filter>
    <Filter Include="addons\ofxWarping">
      <UniqueIdentifier>{59c146a4-bf8d-4008-b606-008b94975639}</UniqueIdentifier>
    </Filter>
    <Filter Include="addons\ofxWarping\src">
      <UniqueIdentifier>{7aff29ff-cd85-4646-8ec2-b7c71b319a63}</UniqueIdentifier>
    </Filter>
    <Filter Include="addons\ofxWarping\src\ofxWarping">
      <UniqueIdentifier>{c49ccda4-d910-4c7e-adc8-c264baf176a8}</UniqueIdentifier>
    </Filter>
    <Filter Include="shaders">
      <UniqueIdentifier>{83bcac6d-2f9c-4a89-83eb-ceac2443e7f2}</UniqueIdentifier>
    </Filter>
    <Filter Include="shaders\ofxWarping">
      <UniqueIdentifier>{773c4a4d-2c4f-4ffb-a9f5-686adc3044c7}</UniqueIdentifier>
    </Filter>
  </ItemGroup>
  <ItemGroup>
    <ClInclude Include="src\ofApp.h">
      <Filter>src</Filter>
    </ClInclude>
    <ClInclude Include="..\src\ofxWarping.h">
      <Filter>addons\ofxWarping\src</Filter>
    </ClInclude>
    <ClInclude Include="..\src\ofxWarping\Warp.h">
      <Filter>addons\ofxWarping\src\ofxWarping</Filter>
    </ClInclude>
    <ClInclude Include="..\src\ofxWarping\WarpPerspective.h">
      <Filter>addons\ofxWarping\src\ofxWarping</Filter>
    </ClInclude>
    <ClInclude Include="..\src\ofxWarping\WarpBilinear.h">
      <Filter>addons\ofxWarping\src\ofxWarping</Filter>
    </ClInclude>
  </ItemGroup>
  <ItemGroup>
    <ResourceCompile Include="icon.rc" />
  </ItemGroup>
  <ItemGroup>
    <None Include="bin\data\shaders\ofxWarping\ControlPoint.frag">
      <Filter>shaders\ofxWarping</Filter>
    </None>
    <None Include="bin\data\shaders\ofxWarping\ControlPoint.vert">
      <Filter>shaders\ofxWarping</Filter>
    </None>
    <None Include="bin\data\shaders\ofxWarping\WarpPerspective.frag">
      <Filter>shaders\ofxWarping</Filter>
    </None>
    <None Include="bin\data\shaders\ofxWarping\WarpPerspective.vert">
      <Filter>shaders\ofxWarping</Filter>
    </None>
    <None Include="bin\data\shaders\ofxWarping\WarpBilinear.frag">
      <Filter>shaders\ofxWarping</Filter>
    </None>
    <None Include="bin\data\shaders\ofxWarping\WarpBilinear.vert">
      <Filter>shaders\ofxWarping</Filter>
    </None>
  </ItemGroup>
</Project>